
Microsoft Visual Studio Solution File, Format Version 12.00
# Visual Studio Version 16
VisualStudioVersion = 16.0.32228.343
MinimumVisualStudioVersion = 10.0.40219.1
Project("{FAE04EC0-301F-11D3-BF4B-00C04F79EFBC}") = "HotelReservationProject1", "HotelReservationProject1\HotelReservationProject1.csproj", "{F130F5B9-E7D9-4D06-8D92-D8A8FE1530DB}"
EndProject
Global
	GlobalSection(SolutionConfigurationPlatforms) = preSolution
		Debug|Any CPU = Debug|Any CPU
		Release|Any CPU = Release|Any CPU
	EndGlobalSection
	GlobalSection(ProjectConfigurationPlatforms) = postSolution
		{F130F5B9-E7D9-4D06-8D92-D8A8FE1530DB}.Debug|Any CPU.ActiveCfg = Debug|Any CPU
		{F130F5B9-E7D9-4D06-8D92-D8A8FE1530DB}.Debug|Any CPU.Build.0 = Debug|Any CPU
		{F130F5B9-E7D9-4D06-8D92-D8A8FE1530DB}.Release|Any CPU.ActiveCfg = Release|Any CPU
		{F130F5B9-E7D9-4D06-8D92-D8A8FE1530DB}.Release|Any CPU.Build.0 = Release|Any CPU
	EndGlobalSection
	GlobalSection(SolutionProperties) = preSolution
		HideSolutionNode = FALSE
	EndGlobalSection
	GlobalSection(ExtensibilityGlobals) = postSolution
		SolutionGuid = {E367EC4E-0CBB-4D5D-89CE-7EB1316040CD}
	EndGlobalSection
EndGlobal
